
Microsoft Visual Studio Solution File, Format Version 12.00
# Visual Studio Version 17
VisualStudioVersion = 17.5.002.0
MinimumVisualStudioVersion = 10.0.40219.1
Project("{9A19103F-16F7-4668-BE54-9A1E7A4F7556}") = "practice C#", "practice C#.csproj", "{A97E4BAB-4C6A-44B7-8D71-FEDFF8A9F1F8}"
EndProject
Project("{FAE04EC0-301F-11D3-BF4B-00C04F79EFBC}") = "Model", "..\Model\Model.csproj", "{DC6A94AF-2333-40FD-BEE3-BC98A794795B}"
EndProject
Global
	GlobalSection(SolutionConfigurationPlatforms) = preSolution
		Debug|Any CPU = Debug|Any CPU
		Release|Any CPU = Release|Any CPU
	EndGlobalSection
	GlobalSection(ProjectConfigurationPlatforms) = postSolution
		{A97E4BAB-4C6A-44B7-8D71-FEDFF8A9F1F8}.Debug|Any CPU.ActiveCfg = Debug|Any CPU
		{A97E4BAB-4C6A-44B7-8D71-FEDFF8A9F1F8}.Debug|Any CPU.Build.0 = Debug|Any CPU
		{A97E4BAB-4C6A-44B7-8D71-FEDFF8A9F1F8}.Release|Any CPU.ActiveCfg = Release|Any CPU
		{A97E4BAB-4C6A-44B7-8D71-FEDFF8A9F1F8}.Release|Any CPU.Build.0 = Release|Any CPU
		{DC6A94AF-2333-40FD-BEE3-BC98A794795B}.Debug|Any CPU.ActiveCfg = Debug|Any CPU
		{DC6A94AF-2333-40FD-BEE3-BC98A794795B}.Debug|Any CPU.Build.0 = Debug|Any CPU
		{DC6A94AF-2333-40FD-BEE3-BC98A794795B}.Release|Any CPU.ActiveCfg = Release|Any CPU
		{DC6A94AF-2333-40FD-BEE3-BC98A794795B}.Release|Any CPU.Build.0 = Release|Any CPU
	EndGlobalSection
	GlobalSection(SolutionProperties) = preSolution
		HideSolutionNode = FALSE
	EndGlobalSection
	GlobalSection(ExtensibilityGlobals) = postSolution
		SolutionGuid = {097A441C-9AB8-4CE4-B89E-6AA34A2DF2F2}
	EndGlobalSection
EndGlobal
